
Microsoft Visual Studio Solution File, Format Version 12.00
# Visual Studio Version 17
VisualStudioVersion = 17.7.34018.315
MinimumVisualStudioVersion = 10.0.40219.1
Project("{FAE04EC0-301F-11D3-BF4B-00C04F79EFBC}") = "Week4MvcDemo", "Week4MvcDemo\Week4MvcDemo.csproj", "{E777749D-039C-4AAE-8D77-5D4D2B697682}"
EndProject
Project("{FAE04EC0-301F-11D3-BF4B-00C04F79EFBC}") = "Week4ApiDemo", "Week4ApiDemo\Week4ApiDemo.csproj", "{3E651679-8ADD-4536-9F36-45F9B5D17DF2}"
EndProject
Project("{FAE04EC0-301F-11D3-BF4B-00C04F79EFBC}") = "StoreDatabase", "StoreDatabase\StoreDatabase.csproj", "{1A362EB2-365E-4DEF-BBAA-9745EEA6A707}"
EndProject
Global
	GlobalSection(SolutionConfigurationPlatforms) = preSolution
		Debug|Any CPU = Debug|Any CPU
		Release|Any CPU = Release|Any CPU
	EndGlobalSection
	GlobalSection(ProjectConfigurationPlatforms) = postSolution
		{E777749D-039C-4AAE-8D77-5D4D2B697682}.Debug|Any CPU.ActiveCfg = Debug|Any CPU
		{E777749D-039C-4AAE-8D77-5D4D2B697682}.Debug|Any CPU.Build.0 = Debug|Any CPU
		{E777749D-039C-4AAE-8D77-5D4D2B697682}.Release|Any CPU.ActiveCfg = Release|Any CPU
		{E777749D-039C-4AAE-8D77-5D4D2B697682}.Release|Any CPU.Build.0 = Release|Any CPU
		{3E651679-8ADD-4536-9F36-45F9B5D17DF2}.Debug|Any CPU.ActiveCfg = Debug|Any CPU
		{3E651679-8ADD-4536-9F36-45F9B5D17DF2}.Debug|Any CPU.Build.0 = Debug|Any CPU
		{3E651679-8ADD-4536-9F36-45F9B5D17DF2}.Release|Any CPU.ActiveCfg = Release|Any CPU
		{3E651679-8ADD-4536-9F36-45F9B5D17DF2}.Release|Any CPU.Build.0 = Release|Any CPU
		{1A362EB2-365E-4DEF-BBAA-9745EEA6A707}.Debug|Any CPU.ActiveCfg = Debug|Any CPU
		{1A362EB2-365E-4DEF-BBAA-9745EEA6A707}.Debug|Any CPU.Build.0 = Debug|Any CPU
		{1A362EB2-365E-4DEF-BBAA-9745EEA6A707}.Release|Any CPU.ActiveCfg = Release|Any CPU
		{1A362EB2-365E-4DEF-BBAA-9745EEA6A707}.Release|Any CPU.Build.0 = Release|Any CPU
	EndGlobalSection
	GlobalSection(SolutionProperties) = preSolution
		HideSolutionNode = FALSE
	EndGlobalSection
	GlobalSection(ExtensibilityGlobals) = postSolution
		SolutionGuid = {03931A5E-678B-4377-80E2-448F996CACFC}
	EndGlobalSection
EndGlobal
